
Microsoft Visual Studio Solution File, Format Version 12.00
# Visual Studio Version 17
VisualStudioVersion = 17.11.35327.3
MinimumVisualStudioVersion = 10.0.40219.1
Project("{FAE04EC0-301F-11D3-BF4B-00C04F79EFBC}") = "AssetManagement", "AssetManagement.csproj", "{C14CDA43-60DE-4D41-9E87-1CDDA5DEDC70}"
EndProject
Project("{FAE04EC0-301F-11D3-BF4B-00C04F79EFBC}") = "AssetManagementTests", "..\Hexa_HubTests\AssetManagementTests.csproj", "{8D27A8A4-75D0-4AA5-A788-6A903B852B3B}"
EndProject
Global
	GlobalSection(SolutionConfigurationPlatforms) = preSolution
		Debug|Any CPU = Debug|Any CPU
		Release|Any CPU = Release|Any CPU
	EndGlobalSection
	GlobalSection(ProjectConfigurationPlatforms) = postSolution
		{C14CDA43-60DE-4D41-9E87-1CDDA5DEDC70}.Debug|Any CPU.ActiveCfg = Debug|Any CPU
		{C14CDA43-60DE-4D41-9E87-1CDDA5DEDC70}.Debug|Any CPU.Build.0 = Debug|Any CPU
		{C14CDA43-60DE-4D41-9E87-1CDDA5DEDC70}.Release|Any CPU.ActiveCfg = Release|Any CPU
		{C14CDA43-60DE-4D41-9E87-1CDDA5DEDC70}.Release|Any CPU.Build.0 = Release|Any CPU
		{8D27A8A4-75D0-4AA5-A788-6A903B852B3B}.Debug|Any CPU.ActiveCfg = Debug|Any CPU
		{8D27A8A4-75D0-4AA5-A788-6A903B852B3B}.Debug|Any CPU.Build.0 = Debug|Any CPU
		{8D27A8A4-75D0-4AA5-A788-6A903B852B3B}.Release|Any CPU.ActiveCfg = Release|Any CPU
		{8D27A8A4-75D0-4AA5-A788-6A903B852B3B}.Release|Any CPU.Build.0 = Release|Any CPU
	EndGlobalSection
	GlobalSection(SolutionProperties) = preSolution
		HideSolutionNode = FALSE
	EndGlobalSection
	GlobalSection(ExtensibilityGlobals) = postSolution
		SolutionGuid = {4D3122F7-6B09-4B31-BC04-723EEF6F7CBB}
	EndGlobalSection
EndGlobal
